
Microsoft Visual Studio Solution File, Format Version 12.00
# Visual Studio Version 17
VisualStudioVersion = 17.4.33205.214
MinimumVisualStudioVersion = 10.0.40219.1
Project("{FAE04EC0-301F-11D3-BF4B-00C04F79EFBC}") = "Blog.Domain", "Blog.Domain\Blog.Domain.csproj", "{23D86D2E-60B0-4F07-86B2-1F90F7469DC9}"
EndProject
Project("{FAE04EC0-301F-11D3-BF4B-00C04F79EFBC}") = "Blog.Infrastructure", "Blog.Infrastructure\Blog.Infrastructure.csproj", "{C920E183-EC8F-43E8-B1F9-1EEC17CB464E}"
EndProject
Project("{FAE04EC0-301F-11D3-BF4B-00C04F79EFBC}") = "Blog.Application", "Blog.Application\Blog.Application.csproj", "{7A7E59BE-B246-4164-B286-EB395C8E89BF}"
EndProject
Project("{FAE04EC0-301F-11D3-BF4B-00C04F79EFBC}") = "Blog.UI", "Blog.UI\Blog.UI.csproj", "{9EB09CC3-36C4-4F9A-A5A8-F06A597965EE}"
EndProject
Global
	GlobalSection(SolutionConfigurationPlatforms) = preSolution
		Debug|Any CPU = Debug|Any CPU
		Release|Any CPU = Release|Any CPU
	EndGlobalSection
	GlobalSection(ProjectConfigurationPlatforms) = postSolution
		{23D86D2E-60B0-4F07-86B2-1F90F7469DC9}.Debug|Any CPU.ActiveCfg = Debug|Any CPU
		{23D86D2E-60B0-4F07-86B2-1F90F7469DC9}.Debug|Any CPU.Build.0 = Debug|Any CPU
		{23D86D2E-60B0-4F07-86B2-1F90F7469DC9}.Release|Any CPU.ActiveCfg = Release|Any CPU
		{23D86D2E-60B0-4F07-86B2-1F90F7469DC9}.Release|Any CPU.Build.0 = Release|Any CPU
		{C920E183-EC8F-43E8-B1F9-1EEC17CB464E}.Debug|Any CPU.ActiveCfg = Debug|Any CPU
		{C920E183-EC8F-43E8-B1F9-1EEC17CB464E}.Debug|Any CPU.Build.0 = Debug|Any CPU
		{C920E183-EC8F-43E8-B1F9-1EEC17CB464E}.Release|Any CPU.ActiveCfg = Release|Any CPU
		{C920E183-EC8F-43E8-B1F9-1EEC17CB464E}.Release|Any CPU.Build.0 = Release|Any CPU
		{7A7E59BE-B246-4164-B286-EB395C8E89BF}.Debug|Any CPU.ActiveCfg = Debug|Any CPU
		{7A7E59BE-B246-4164-B286-EB395C8E89BF}.Debug|Any CPU.Build.0 = Debug|Any CPU
		{7A7E59BE-B246-4164-B286-EB395C8E89BF}.Release|Any CPU.ActiveCfg = Release|Any CPU
		{7A7E59BE-B246-4164-B286-EB395C8E89BF}.Release|Any CPU.Build.0 = Release|Any CPU
		{9EB09CC3-36C4-4F9A-A5A8-F06A597965EE}.Debug|Any CPU.ActiveCfg = Debug|Any CPU
		{9EB09CC3-36C4-4F9A-A5A8-F06A597965EE}.Debug|Any CPU.Build.0 = Debug|Any CPU
		{9EB09CC3-36C4-4F9A-A5A8-F06A597965EE}.Release|Any CPU.ActiveCfg = Release|Any CPU
		{9EB09CC3-36C4-4F9A-A5A8-F06A597965EE}.Release|Any CPU.Build.0 = Release|Any CPU
	EndGlobalSection
	GlobalSection(SolutionProperties) = preSolution
		HideSolutionNode = FALSE
	EndGlobalSection
	GlobalSection(ExtensibilityGlobals) = postSolution
		SolutionGuid = {B61BE0D5-E607-4F6B-BBB6-8E7EB3958CB5}
	EndGlobalSection
EndGlobal
